{
    "requires": true,
    "lockfileVersion": 1,
    "dependencies": {
        "elixir": {
            "version": "0.1.2",
            "resolved": "https://registry.npmjs.org/elixir/-/elixir-0.1.2.tgz",
            "integrity": "sha1-gbJrW7dRx3Oa7O54P5gQFD41GtM=",
            "requires": {
                "raptorjuice": "^0.2.11"
            }
        },
        "raptorjuice": {
            "version": "0.2.12",
            "resolved": "https://registry.npmjs.org/raptorjuice/-/raptorjuice-0.2.12.tgz",
            "integrity": "sha1-oJoGraVX0RvXyn4LXDRnkrfrAvg="
        }
    }
}
